
Microsoft Visual Studio Solution File, Format Version 12.00
# Visual Studio 2012
Project("{FAE04EC0-301F-11D3-BF4B-00C04F79EFBC}") = "libreria_tp1", "libreria_tp1\libreria_tp1.csproj", "{A231A3B2-38D7-424C-8E8A-EA31A52C273D}"
EndProject
Project("{FAE04EC0-301F-11D3-BF4B-00C04F79EFBC}") = "formCalculadora", "formCalculadora\formCalculadora.csproj", "{52188385-9054-4569-9538-6BC5135112B9}"
EndProject
Global
	GlobalSection(SolutionConfigurationPlatforms) = preSolution
		Debug|Any CPU = Debug|Any CPU
		Release|Any CPU = Release|Any CPU
	EndGlobalSection
	GlobalSection(ProjectConfigurationPlatforms) = postSolution
		{A231A3B2-38D7-424C-8E8A-EA31A52C273D}.Debug|Any CPU.ActiveCfg = Debug|Any CPU
		{A231A3B2-38D7-424C-8E8A-EA31A52C273D}.Debug|Any CPU.Build.0 = Debug|Any CPU
		{A231A3B2-38D7-424C-8E8A-EA31A52C273D}.Release|Any CPU.ActiveCfg = Release|Any CPU
		{A231A3B2-38D7-424C-8E8A-EA31A52C273D}.Release|Any CPU.Build.0 = Release|Any CPU
		{52188385-9054-4569-9538-6BC5135112B9}.Debug|Any CPU.ActiveCfg = Debug|Any CPU
		{52188385-9054-4569-9538-6BC5135112B9}.Debug|Any CPU.Build.0 = Debug|Any CPU
		{52188385-9054-4569-9538-6BC5135112B9}.Release|Any CPU.ActiveCfg = Release|Any CPU
		{52188385-9054-4569-9538-6BC5135112B9}.Release|Any CPU.Build.0 = Release|Any CPU
	EndGlobalSection
	GlobalSection(SolutionProperties) = preSolution
		HideSolutionNode = FALSE
	EndGlobalSection
EndGlobal
